
Microsoft Visual Studio Solution File, Format Version 12.00
# Visual Studio Version 17
VisualStudioVersion = 17.0.31903.59
MinimumVisualStudioVersion = 10.0.40219.1
Project("{9A19103F-16F7-4668-BE54-9A1E7A4F7556}") = "Beam.Client.BlazorWasm", "Beam.Client\Beam.Client.BlazorWasm.csproj", "{A6931C54-0893-48B4-B694-BCB95A13B5EF}"
EndProject
Project("{9A19103F-16F7-4668-BE54-9A1E7A4F7556}") = "Beam.Server.Api", "Beam.Server.Api\Beam.Server.Api.csproj", "{76134BFA-1310-44A1-8839-E71ACCF4A58B}"
EndProject
Project("{9A19103F-16F7-4668-BE54-9A1E7A4F7556}") = "Beam.Server.Application", "Beam.Server.Application\Beam.Server.Application.csproj", "{88C17C34-FA4F-4BC5-88A9-5A4074E83E4E}"
EndProject
Project("{9A19103F-16F7-4668-BE54-9A1E7A4F7556}") = "Beam.Server.Core", "Beam.Server.Core\Beam.Server.Core.csproj", "{99FA2DD0-4EE8-42F9-BCD9-5C4D7139E952}"
EndProject
Project("{9A19103F-16F7-4668-BE54-9A1E7A4F7556}") = "Beam.Server.Infrastructure", "Beam.Server.Infrastructure\Beam.Server.Infrastructure.csproj", "{9BFE517D-C840-4B86-88DC-0102F00E173F}"
EndProject
Project("{9A19103F-16F7-4668-BE54-9A1E7A4F7556}") = "Beam.Shared.Models", "Beam.Shared.Models\Beam.Shared.Models.csproj", "{66ECD0AC-7004-4479-9DDB-5A4D9024291A}"
EndProject
Project("{2150E333-8FDC-42A3-9474-1A3956D46DE8}") = "Server", "Server", "{99F1994E-2D5B-47CD-8776-5EDCA66E66F5}"
EndProject
Project("{2150E333-8FDC-42A3-9474-1A3956D46DE8}") = "Shared", "Shared", "{1B1AB5C1-76EF-41D4-8173-EBC65FCFBA07}"
EndProject
Project("{2150E333-8FDC-42A3-9474-1A3956D46DE8}") = "Client", "Client", "{61E23294-14A6-451E-AF89-23E7FBF06EB2}"
EndProject
Global
	GlobalSection(SolutionConfigurationPlatforms) = preSolution
		Debug|Any CPU = Debug|Any CPU
		Release|Any CPU = Release|Any CPU
	EndGlobalSection
	GlobalSection(ProjectConfigurationPlatforms) = postSolution
		{A6931C54-0893-48B4-B694-BCB95A13B5EF}.Debug|Any CPU.ActiveCfg = Debug|Any CPU
		{A6931C54-0893-48B4-B694-BCB95A13B5EF}.Debug|Any CPU.Build.0 = Debug|Any CPU
		{A6931C54-0893-48B4-B694-BCB95A13B5EF}.Release|Any CPU.ActiveCfg = Release|Any CPU
		{A6931C54-0893-48B4-B694-BCB95A13B5EF}.Release|Any CPU.Build.0 = Release|Any CPU
		{76134BFA-1310-44A1-8839-E71ACCF4A58B}.Debug|Any CPU.ActiveCfg = Debug|Any CPU
		{76134BFA-1310-44A1-8839-E71ACCF4A58B}.Debug|Any CPU.Build.0 = Debug|Any CPU
		{76134BFA-1310-44A1-8839-E71ACCF4A58B}.Release|Any CPU.ActiveCfg = Release|Any CPU
		{76134BFA-1310-44A1-8839-E71ACCF4A58B}.Release|Any CPU.Build.0 = Release|Any CPU
		{88C17C34-FA4F-4BC5-88A9-5A4074E83E4E}.Debug|Any CPU.ActiveCfg = Debug|Any CPU
		{88C17C34-FA4F-4BC5-88A9-5A4074E83E4E}.Debug|Any CPU.Build.0 = Debug|Any CPU
		{88C17C34-FA4F-4BC5-88A9-5A4074E83E4E}.Release|Any CPU.ActiveCfg = Release|Any CPU
		{88C17C34-FA4F-4BC5-88A9-5A4074E83E4E}.Release|Any CPU.Build.0 = Release|Any CPU
		{99FA2DD0-4EE8-42F9-BCD9-5C4D7139E952}.Debug|Any CPU.ActiveCfg = Debug|Any CPU
		{99FA2DD0-4EE8-42F9-BCD9-5C4D7139E952}.Debug|Any CPU.Build.0 = Debug|Any CPU
		{99FA2DD0-4EE8-42F9-BCD9-5C4D7139E952}.Release|Any CPU.ActiveCfg = Release|Any CPU
		{99FA2DD0-4EE8-42F9-BCD9-5C4D7139E952}.Release|Any CPU.Build.0 = Release|Any CPU
		{9BFE517D-C840-4B86-88DC-0102F00E173F}.Debug|Any CPU.ActiveCfg = Debug|Any CPU
		{9BFE517D-C840-4B86-88DC-0102F00E173F}.Debug|Any CPU.Build.0 = Debug|Any CPU
		{9BFE517D-C840-4B86-88DC-0102F00E173F}.Release|Any CPU.ActiveCfg = Release|Any CPU
		{9BFE517D-C840-4B86-88DC-0102F00E173F}.Release|Any CPU.Build.0 = Release|Any CPU
		{66ECD0AC-7004-4479-9DDB-5A4D9024291A}.Debug|Any CPU.ActiveCfg = Debug|Any CPU
		{66ECD0AC-7004-4479-9DDB-5A4D9024291A}.Debug|Any CPU.Build.0 = Debug|Any CPU
		{66ECD0AC-7004-4479-9DDB-5A4D9024291A}.Release|Any CPU.ActiveCfg = Release|Any CPU
		{66ECD0AC-7004-4479-9DDB-5A4D9024291A}.Release|Any CPU.Build.0 = Release|Any CPU
	EndGlobalSection
	GlobalSection(SolutionProperties) = preSolution
		HideSolutionNode = FALSE
	EndGlobalSection
	GlobalSection(ExtensibilityGlobals) = postSolution
		SolutionGuid = {CAC94271-AF47-4D54-A747-3D80E7391153}
	EndGlobalSection
	GlobalSection(NestedProjects) = preSolution
		{76134BFA-1310-44A1-8839-E71ACCF4A58B} = {99F1994E-2D5B-47CD-8776-5EDCA66E66F5}
		{88C17C34-FA4F-4BC5-88A9-5A4074E83E4E} = {99F1994E-2D5B-47CD-8776-5EDCA66E66F5}
		{99FA2DD0-4EE8-42F9-BCD9-5C4D7139E952} = {99F1994E-2D5B-47CD-8776-5EDCA66E66F5}
		{9BFE517D-C840-4B86-88DC-0102F00E173F} = {99F1994E-2D5B-47CD-8776-5EDCA66E66F5}
		{66ECD0AC-7004-4479-9DDB-5A4D9024291A} = {1B1AB5C1-76EF-41D4-8173-EBC65FCFBA07}
		{A6931C54-0893-48B4-B694-BCB95A13B5EF} = {61E23294-14A6-451E-AF89-23E7FBF06EB2}
	EndGlobalSection
EndGlobal
