
Microsoft Visual Studio Solution File, Format Version 12.00
# Visual Studio Version 17
VisualStudioVersion = 17.0.31903.59
MinimumVisualStudioVersion = 10.0.40219.1


Project("{FAE04EC0-301F-11D3-BF4B-00C04F79EFBC}") = "Beam.UI", "Beam.Client\Beam.UI.csproj", "{A6931C54-0893-48B4-B694-BCB95A13B5EF}"
EndProject
Global
	GlobalSection(SolutionConfigurationPlatforms) = preSolution
		Debug|Any CPU = Debug|Any CPU
		Release|Any CPU = Release|Any CPU
	EndGlobalSection
	GlobalSection(SolutionProperties) = preSolution
		HideSolutionNode = FALSE
	EndGlobalSection
	GlobalSection(ProjectConfigurationPlatforms) = postSolution
		{91260DEB-6097-4B1B-98F4-04FC6FE7E8E8}.Debug|Any CPU.ActiveCfg = Debug|Any CPU
		{91260DEB-6097-4B1B-98F4-04FC6FE7E8E8}.Debug|Any CPU.Build.0 = Debug|Any CPU
		{91260DEB-6097-4B1B-98F4-04FC6FE7E8E8}.Release|Any CPU.ActiveCfg = Release|Any CPU
		{91260DEB-6097-4B1B-98F4-04FC6FE7E8E8}.Release|Any CPU.Build.0 = Release|Any CPU
		{AA7A2C18-79C4-41EB-A70F-65EB43D14F88}.Debug|Any CPU.ActiveCfg = Debug|Any CPU
		{AA7A2C18-79C4-41EB-A70F-65EB43D14F88}.Debug|Any CPU.Build.0 = Debug|Any CPU
		{AA7A2C18-79C4-41EB-A70F-65EB43D14F88}.Release|Any CPU.ActiveCfg = Release|Any CPU
		{AA7A2C18-79C4-41EB-A70F-65EB43D14F88}.Release|Any CPU.Build.0 = Release|Any CPU
		{A6931C54-0893-48B4-B694-BCB95A13B5EF}.Debug|Any CPU.ActiveCfg = Debug|Any CPU
		{A6931C54-0893-48B4-B694-BCB95A13B5EF}.Debug|Any CPU.Build.0 = Debug|Any CPU
		{A6931C54-0893-48B4-B694-BCB95A13B5EF}.Release|Any CPU.ActiveCfg = Release|Any CPU
		{A6931C54-0893-48B4-B694-BCB95A13B5EF}.Release|Any CPU.Build.0 = Release|Any CPU
	EndGlobalSection
EndGlobal
